Microsoft Visual Studio Solution File, Format Version 12.00
# Visual Studio Version 17
VisualStudioVersion = 17.12.35527.113 d17.12
MinimumVisualStudioVersion = 10.0.40219.1
Project("{FAE04EC0-301F-11D3-BF4B-00C04F79EFBC}") = "PolarCoordinates", "PolarCoordinates\PolarCoordinates.csproj", "{1687AED2-F886-4CE7-8491-573F8CE43903}"
EndProject
Project("{FAE04EC0-301F-11D3-BF4B-00C04F79EFBC}") = "PolarCoordinatesTest", "PolarCoordinatesTest\PolarCoordinatesTest.csproj", "{D20EAD62-093A-4908-979B-C416CFAFB3EB}"
EndProject
Global
	GlobalSection(SolutionConfigurationPlatforms) = preSolution
		Debug|Any CPU = Debug|Any CPU
		Release|Any CPU = Release|Any CPU
	EndGlobalSection
	GlobalSection(ProjectConfigurationPlatforms) = postSolution
		{1687AED2-F886-4CE7-8491-573F8CE43903}.Debug|Any CPU.ActiveCfg = Debug|Any CPU
		{1687AED2-F886-4CE7-8491-573F8CE43903}.Debug|Any CPU.Build.0 = Debug|Any CPU
		{1687AED2-F886-4CE7-8491-573F8CE43903}.Release|Any CPU.ActiveCfg = Release|Any CPU
		{1687AED2-F886-4CE7-8491-573F8CE43903}.Release|Any CPU.Build.0 = Release|Any CPU
		{D20EAD62-093A-4908-979B-C416CFAFB3EB}.Debug|Any CPU.ActiveCfg = Debug|Any CPU
		{D20EAD62-093A-4908-979B-C416CFAFB3EB}.Debug|Any CPU.Build.0 = Debug|Any CPU
		{D20EAD62-093A-4908-979B-C416CFAFB3EB}.Release|Any CPU.ActiveCfg = Release|Any CPU
		{D20EAD62-093A-4908-979B-C416CFAFB3EB}.Release|Any CPU.Build.0 = Release|Any CPU
	EndGlobalSection
	GlobalSection(SolutionProperties) = preSolution
		HideSolutionNode = FALSE
	EndGlobalSection
	GlobalSection(ExtensibilityGlobals) = postSolution
		SolutionGuid = {48D1B086-4959-423F-873B-3359DB75EE48}
	EndGlobalSection
EndGlobal
